<?xml version="1.0" encoding="utf-8"?>
<Project ToolsVersion="4.0" xmlns="http://schemas.microsoft.com/developer/msbuild/2003">
  <ItemGroup>
    <Filter Include="Source Files">
      <UniqueIdentifier>{4FC737F1-C7A5-4376-A066-2A32D752A2FF}</UniqueIdentifier>
      <Extensions>cpp;c;cc;cxx;def;odl;idl;hpj;bat;asm;asmx</Extensions>
    </Filter>
    <Filter Include="Header Files">
      <UniqueIdentifier>{93995380-89BD-4b04-88EB-625FBE52EBFB}</UniqueIdentifier>
      <Extensions>h;hh;hpp;hxx;hm;inl;inc;xsd</Extensions>
    </Filter>
    <Filter Include="Resource Files">
      <UniqueIdentifier>{67DA6AB6-F800-4c08-8B7A-83BB121AAD01}</UniqueIdentifier>
      <Extensions>rc;ico;cur;bmp;dlg;rc2;rct;bin;rgs;gif;jpg;jpeg;jpe;resx;tiff;tif;png;wav;mfcribbon-ms</Extensions>
    </Filter>
    <Filter Include="Header Files\Level Objects">
      <UniqueIdentifier>{46994eab-7122-4bec-9bcc-9461fd68a5c4}</UniqueIdentifier>
    </Filter>
    <Filter Include="Source Files\Level Objects">
      <UniqueIdentifier>{667b9f63-33b4-4447-aef3-3337c1525e2d}</UniqueIdentifier>
    </Filter>
    <Filter Include="Header Files\Material Fixes">
      <UniqueIdentifier>{909138b3-38bc-4aa8-9c03-340ba91d0326}</UniqueIdentifier>
    </Filter>
    <Filter Include="Source Files\Material Fixes">
      <UniqueIdentifier>{8120a15a-3505-4f78-8847-28ef4bed7740}</UniqueIdentifier>
    </Filter>
  </ItemGroup>
  <ItemGroup>
    <ClInclude Include="stdafx.h">
      <Filter>Header Files</Filter>
    </ClInclude>
    <ClInclude Include="..\sadx-mod-loader\libmodutils\Trampoline.h">
      <Filter>Header Files</Filter>
    </ClInclude>
    <ClInclude Include="d3d.h">
      <Filter>Header Files</Filter>
    </ClInclude>
    <ClInclude Include="datapointers.h">
      <Filter>Header Files</Filter>
    </ClInclude>
    <ClInclude Include="globals.h">
      <Filter>Header Files</Filter>
    </ClInclude>
    <ClInclude Include="lantern.h">
      <Filter>Header Files</Filter>
    </ClInclude>
    <ClInclude Include="EffectParameter.h">
      <Filter>Header Files</Filter>
    </ClInclude>
    <ClInclude Include="Obj_Past.h">
      <Filter>Header Files\Level Objects</Filter>
    </ClInclude>
    <ClInclude Include="Obj_SkyDeck.h">
      <Filter>Header Files\Level Objects</Filter>
    </ClInclude>
    <ClInclude Include="FixCharacterMaterials.h">
      <Filter>Header Files\Material Fixes</Filter>
    </ClInclude>
    <ClInclude Include="FixChaoGardenMaterials.h">
      <Filter>Header Files\Material Fixes</Filter>
    </ClInclude>
    <ClInclude Include="ssgarden.h">
      <Filter>Header Files\Material Fixes</Filter>
    </ClInclude>
    <ClInclude Include="ecgarden.h">
      <Filter>Header Files\Material Fixes</Filter>
    </ClInclude>
    <ClInclude Include="mrgarden.h">
      <Filter>Header Files\Material Fixes</Filter>
    </ClInclude>
    <ClInclude Include="mrgarden_night.h">
      <Filter>Header Files\Material Fixes</Filter>
    </ClInclude>
    <ClInclude Include="lanternapi.h">
      <Filter>Header Files</Filter>
    </ClInclude>
  </ItemGroup>
  <ItemGroup>
    <ClCompile Include="stdafx.cpp">
      <Filter>Source Files</Filter>
    </ClCompile>
    <ClCompile Include="mod.cpp">
      <Filter>Source Files</Filter>
    </ClCompile>
    <ClCompile Include="..\sadx-mod-loader\libmodutils\Trampoline.cpp">
      <Filter>Source Files</Filter>
    </ClCompile>
    <ClCompile Include="fog.cpp">
      <Filter>Source Files</Filter>
    </ClCompile>
    <ClCompile Include="d3d.cpp">
      <Filter>Source Files</Filter>
    </ClCompile>
    <ClCompile Include="globals.cpp">
      <Filter>Source Files</Filter>
    </ClCompile>
    <ClCompile Include="lantern.cpp">
      <Filter>Source Files</Filter>
    </ClCompile>
    <ClCompile Include="EffectParameter.cpp">
      <Filter>Source Files</Filter>
    </ClCompile>
    <ClCompile Include="Obj_Past.cpp">
      <Filter>Source Files\Level Objects</Filter>
    </ClCompile>
    <ClCompile Include="Obj_SkyDeck.cpp">
      <Filter>Source Files\Level Objects</Filter>
    </ClCompile>
    <ClCompile Include="FixCharacterMaterials.cpp">
      <Filter>Source Files\Material Fixes</Filter>
    </ClCompile>
    <ClCompile Include="FixChaoGardenMaterials.cpp">
      <Filter>Source Files\Material Fixes</Filter>
    </ClCompile>
    <ClCompile Include="lanternapi.cpp">
      <Filter>Source Files</Filter>
    </ClCompile>
  </ItemGroup>
  <ItemGroup>
    <None Include="lantern.fx">
      <Filter>Resource Files</Filter>
    </None>
    <None Include="mod.ini">
      <Filter>Resource Files</Filter>
    </None>
  </ItemGroup>
</Project>